# THIS IS AN AUTOGENERATED FILE. DO NOT EDIT THIS FILE DIRECTLY.
# yarn lockfile v1


lolhost@^1.1.2:
  version "1.1.2"
  resolved "https://registry.yarnpkg.com/lolhost/-/lolhost-1.1.2.tgz#c9ba3102df2dfe5765d120494ba65d8a4ca22b60"
  integrity sha512-7THqGS/nEQEcHX4xYX3UdHzsHTUn+CwNrhvnRGXhN7P1xjBDuh+drFqzaubr8MssfnaqOB7Eha9dgd7V6jFrVQ==
